
Microsoft Visual Studio Solution File, Format Version 12.00
# Visual Studio Version 16
VisualStudioVersion = 16.0.30804.86
MinimumVisualStudioVersion = 10.0.40219.1
Project("{FAE04EC0-301F-11D3-BF4B-00C04F79EFBC}") = "beautySalon", "beautySalon\beautySalon.csproj", "{229D8792-7C39-4F53-B46C-43571D679C38}"
EndProject
Global
	GlobalSection(SolutionConfigurationPlatforms) = preSolution
		Debug|Any CPU = Debug|Any CPU
		Release|Any CPU = Release|Any CPU
	EndGlobalSection
	GlobalSection(ProjectConfigurationPlatforms) = postSolution
		{229D8792-7C39-4F53-B46C-43571D679C38}.Debug|Any CPU.ActiveCfg = Debug|Any CPU
		{229D8792-7C39-4F53-B46C-43571D679C38}.Debug|Any CPU.Build.0 = Debug|Any CPU
		{229D8792-7C39-4F53-B46C-43571D679C38}.Release|Any CPU.ActiveCfg = Release|Any CPU
		{229D8792-7C39-4F53-B46C-43571D679C38}.Release|Any CPU.Build.0 = Release|Any CPU
	EndGlobalSection
	GlobalSection(SolutionProperties) = preSolution
		HideSolutionNode = FALSE
	EndGlobalSection
	GlobalSection(ExtensibilityGlobals) = postSolution
		SolutionGuid = {B7B88347-19FE-409F-BC83-557DF4169601}
	EndGlobalSection
EndGlobal
